
Microsoft Visual Studio Solution File, Format Version 12.00
# Visual Studio Version 17
VisualStudioVersion = 17.9.34902.65
MinimumVisualStudioVersion = 10.0.40219.1
Project("{FAE04EC0-301F-11D3-BF4B-00C04F79EFBC}") = "AudioRecordingGUI_V2", "AudioRecordingGUI_V2\AudioRecordingGUI_V2.csproj", "{4041E340-DC39-489A-A65E-9110690DE9CC}"
EndProject
Global
	GlobalSection(SolutionConfigurationPlatforms) = preSolution
		Debug|Any CPU = Debug|Any CPU
		Release|Any CPU = Release|Any CPU
	EndGlobalSection
	GlobalSection(ProjectConfigurationPlatforms) = postSolution
		{4041E340-DC39-489A-A65E-9110690DE9CC}.Debug|Any CPU.ActiveCfg = Debug|Any CPU
		{4041E340-DC39-489A-A65E-9110690DE9CC}.Debug|Any CPU.Build.0 = Debug|Any CPU
		{4041E340-DC39-489A-A65E-9110690DE9CC}.Release|Any CPU.ActiveCfg = Release|Any CPU
		{4041E340-DC39-489A-A65E-9110690DE9CC}.Release|Any CPU.Build.0 = Release|Any CPU
	EndGlobalSection
	GlobalSection(SolutionProperties) = preSolution
		HideSolutionNode = FALSE
	EndGlobalSection
	GlobalSection(ExtensibilityGlobals) = postSolution
		SolutionGuid = {A8FCF3BA-925D-4946-A5FE-232A0060F265}
	EndGlobalSection
EndGlobal
